
Microsoft Visual Studio Solution File, Format Version 12.00
# Visual Studio 2012
Project("{FAE04EC0-301F-11D3-BF4B-00C04F79EFBC}") = "ConsoleSolutionUnity", "ConsoleApplication2\ConsoleSolutionUnity.csproj", "{E00A1A64-43CA-49C6-9F3D-8CBF31E8DB89}"
EndProject
Project("{2150E333-8FDC-42A3-9474-1A3956D46DE8}") = ".nuget", ".nuget", "{5213562C-352B-4A5A-93FB-D641A7D6C980}"
	ProjectSection(SolutionItems) = preProject
		.nuget\packages.config = .nuget\packages.config
	EndProjectSection
EndProject
Project("{FAE04EC0-301F-11D3-BF4B-00C04F79EFBC}") = "ConsoleSolutionUnity.Test", "ConsoleSolutionUnity.Test\ConsoleSolutionUnity.Test.csproj", "{C85328AE-B0CD-4B2E-9884-747434ADB9CF}"
EndProject
Global
	GlobalSection(SolutionConfigurationPlatforms) = preSolution
		Debug|Any CPU = Debug|Any CPU
		Release|Any CPU = Release|Any CPU
	EndGlobalSection
	GlobalSection(ProjectConfigurationPlatforms) = postSolution
		{E00A1A64-43CA-49C6-9F3D-8CBF31E8DB89}.Debug|Any CPU.ActiveCfg = Debug|Any CPU
		{E00A1A64-43CA-49C6-9F3D-8CBF31E8DB89}.Debug|Any CPU.Build.0 = Debug|Any CPU
		{E00A1A64-43CA-49C6-9F3D-8CBF31E8DB89}.Release|Any CPU.ActiveCfg = Release|Any CPU
		{E00A1A64-43CA-49C6-9F3D-8CBF31E8DB89}.Release|Any CPU.Build.0 = Release|Any CPU
		{C85328AE-B0CD-4B2E-9884-747434ADB9CF}.Debug|Any CPU.ActiveCfg = Debug|Any CPU
		{C85328AE-B0CD-4B2E-9884-747434ADB9CF}.Debug|Any CPU.Build.0 = Debug|Any CPU
		{C85328AE-B0CD-4B2E-9884-747434ADB9CF}.Release|Any CPU.ActiveCfg = Release|Any CPU
		{C85328AE-B0CD-4B2E-9884-747434ADB9CF}.Release|Any CPU.Build.0 = Release|Any CPU
	EndGlobalSection
	GlobalSection(SolutionProperties) = preSolution
		HideSolutionNode = FALSE
	EndGlobalSection
EndGlobal
